// !$*UTF8*$!
{
	archiveVersion = 1;
	classes = {
	};
	objectVersion = 46;
	objects = {

/* Begin PBXBuildFile section */
		570E0E291AE84400006DF6A0 /* FlickrImageDownloadManager.swift in Sources */ = {isa = PBXBuildFile; fileRef = 570E0E281AE84400006DF6A0 /* FlickrImageDownloadManager.swift */; };
		570E0E2C1AE97A44006DF6A0 /* UIKitExtensions.swift in Sources */ = {isa = PBXBuildFile; fileRef = 570E0E2B1AE97A44006DF6A0 /* UIKitExtensions.swift */; };
		570E0E2E1AE98C4F006DF6A0 /* PhotoService.swift in Sources */ = {isa = PBXBuildFile; fileRef = 570E0E2D1AE98C4F006DF6A0 /* PhotoService.swift */; };
		570E0E311AE993A0006DF6A0 /* PinHistory.swift in Sources */ = {isa = PBXBuildFile; fileRef = 570E0E301AE993A0006DF6A0 /* PinHistory.swift */; };
		570E0E331AE996D9006DF6A0 /* PinService.swift in Sources */ = {isa = PBXBuildFile; fileRef = 570E0E321AE996D9006DF6A0 /* PinService.swift */; };
		578746B71AE59ECD009379E5 /* AppDelegate.swift in Sources */ = {isa = PBXBuildFile; fileRef = 578746B61AE59ECD009379E5 /* AppDelegate.swift */; };
		578746BC1AE59ECD009379E5 /* Main.storyboard in Resources */ = {isa = PBXBuildFile; fileRef = 578746BA1AE59ECD009379E5 /* Main.storyboard */; };
		578746BE1AE59ECD009379E5 /* Images.xcassets in Resources */ = {isa = PBXBuildFile; fileRef = 578746BD1AE59ECD009379E5 /* Images.xcassets */; };
		578746C11AE59ECD009379E5 /* LaunchScreen.xib in Resources */ = {isa = PBXBuildFile; fileRef = 578746BF1AE59ECD009379E5 /* LaunchScreen.xib */; };
		578746CD1AE59ECD009379E5 /* Virtual_TouristTests.swift in Sources */ = {isa = PBXBuildFile; fileRef = 578746CC1AE59ECD009379E5 /* Virtual_TouristTests.swift */; };
		578746D71AE5A181009379E5 /* MapKit.framework in Frameworks */ = {isa = PBXBuildFile; fileRef = 578746D61AE5A181009379E5 /* MapKit.framework */; };
		578746D91AE5A1C8009379E5 /* TravelLocationsViewController.swift in Sources */ = {isa = PBXBuildFile; fileRef = 578746D81AE5A1C8009379E5 /* TravelLocationsViewController.swift */; };
		578746DB1AE5A494009379E5 /* ProjectExtension.swift in Sources */ = {isa = PBXBuildFile; fileRef = 578746DA1AE5A494009379E5 /* ProjectExtension.swift */; };
		578746DF1AE6CD42009379E5 /* CoreDataStackManager.swift in Sources */ = {isa = PBXBuildFile; fileRef = 578746DE1AE6CD42009379E5 /* CoreDataStackManager.swift */; };
		578746E11AE6D342009379E5 /* ErrorManager.swift in Sources */ = {isa = PBXBuildFile; fileRef = 578746E01AE6D342009379E5 /* ErrorManager.swift */; };
		578746E51AE6D5A3009379E5 /* Model.xcdatamodeld in Sources */ = {isa = PBXBuildFile; fileRef = 578746E31AE6D5A3009379E5 /* Model.xcdatamodeld */; };
		578746E81AE6D680009379E5 /* Pin.swift in Sources */ = {isa = PBXBuildFile; fileRef = 578746E71AE6D680009379E5 /* Pin.swift */; };
		578746EA1AE6DADD009379E5 /* Photo.swift in Sources */ = {isa = PBXBuildFile; fileRef = 578746E91AE6DADD009379E5 /* Photo.swift */; };
		578746EE1AE6F273009379E5 /* PhotoAlbumViewController.swift in Sources */ = {isa = PBXBuildFile; fileRef = 578746ED1AE6F273009379E5 /* PhotoAlbumViewController.swift */; };
		578746F11AE6F2B4009379E5 /* PhotoCollectionViewCell.swift in Sources */ = {isa = PBXBuildFile; fileRef = 578746F01AE6F2B4009379E5 /* PhotoCollectionViewCell.swift */; };
		578746F51AE702E8009379E5 /* HTTPClient.swift in Sources */ = {isa = PBXBuildFile; fileRef = 578746F31AE702E8009379E5 /* HTTPClient.swift */; };
		578746F61AE702E8009379E5 /* HTTPClientExtensions.swift in Sources */ = {isa = PBXBuildFile; fileRef = 578746F41AE702E8009379E5 /* HTTPClientExtensions.swift */; };
		578746F91AE70308009379E5 /* Config.swift in Sources */ = {isa = PBXBuildFile; fileRef = 578746F81AE70308009379E5 /* Config.swift */; };
		578747001AE70471009379E5 /* FoundationExtensions.swift in Sources */ = {isa = PBXBuildFile; fileRef = 578746FF1AE70471009379E5 /* FoundationExtensions.swift */; };
		578747021AE704BA009379E5 /* ErrorUtils.swift in Sources */ = {isa = PBXBuildFile; fileRef = 578747011AE704B9009379E5 /* ErrorUtils.swift */; };
/* End PBXBuildFile section */

/* Begin PBXContainerItemProxy section */
		578746C71AE59ECD009379E5 /* PBXContainerItemProxy */ = {
			isa = PBXContainerItemProxy;
			containerPortal = 578746A91AE59ECD009379E5 /* Project object */;
			proxyType = 1;
			remoteGlobalIDString = 578746B01AE59ECD009379E5;
			remoteInfo = "Virtual Tourist";
		};
/* End PBXContainerItemProxy section */

/* Begin PBXFileReference section */
		570E0E281AE84400006DF6A0 /* FlickrImageDownloadManager.swift */ = {isa = PBXFileReference; fileEncoding = 4; lastKnownFileType = sourcecode.swift; path = FlickrImageDownloadManager.swift; sourceTree = "<group>"; };
		570E0E2B1AE97A44006DF6A0 /* UIKitExtensions.swift */ = {isa = PBXFileReference; fileEncoding = 4; lastKnownFileType = sourcecode.swift; path = UIKitExtensions.swift; sourceTree = "<group>"; };
		570E0E2D1AE98C4F006DF6A0 /* PhotoService.swift */ = {isa = PBXFileReference; fileEncoding = 4; lastKnownFileType = sourcecode.swift; path = PhotoService.swift; sourceTree = "<group>"; };
		570E0E301AE993A0006DF6A0 /* PinHistory.swift */ = {isa = PBXFileReference; fileEncoding = 4; lastKnownFileType = sourcecode.swift; path = PinHistory.swift; sourceTree = "<group>"; };
		570E0E321AE996D9006DF6A0 /* PinService.swift */ = {isa = PBXFileReference; fileEncoding = 4; lastKnownFileType = sourcecode.swift; path = PinService.swift; sourceTree = "<group>"; };
		578746B11AE59ECD009379E5 /* Virtual Tourist.app */ = {isa = PBXFileReference; explicitFileType = wrapper.application; includeInIndex = 0; path = "Virtual Tourist.app"; sourceTree = BUILT_PRODUCTS_DIR; };
		578746B51AE59ECD009379E5 /* Info.plist */ = {isa = PBXFileReference; lastKnownFileType = text.plist.xml; path = Info.plist; sourceTree = "<group>"; };
		578746B61AE59ECD009379E5 /* AppDelegate.swift */ = {isa = PBXFileReference; lastKnownFileType = sourcecode.swift; path = AppDelegate.swift; sourceTree = "<group>"; };
		578746BB1AE59ECD009379E5 /* Base */ = {isa = PBXFileReference; lastKnownFileType = file.storyboard; name = Base; path = Base.lproj/Main.storyboard; sourceTree = "<group>"; };
		578746BD1AE59ECD009379E5 /* Images.xcassets */ = {isa = PBXFileReference; lastKnownFileType = folder.assetcatalog; path = Images.xcassets; sourceTree = "<group>"; };
		578746C01AE59ECD009379E5 /* Base */ = {isa = PBXFileReference; lastKnownFileType = file.xib; name = Base; path = Base.lproj/LaunchScreen.xib; sourceTree = "<group>"; };
		578746C61AE59ECD009379E5 /* Virtual TouristTests.xctest */ = {isa = PBXFileReference; explicitFileType = wrapper.cfbundle; includeInIndex = 0; path = "Virtual TouristTests.xctest"; sourceTree = BUILT_PRODUCTS_DIR; };
		578746CB1AE59ECD009379E5 /* Info.plist */ = {isa = PBXFileReference; lastKnownFileType = text.plist.xml; path = Info.plist; sourceTree = "<group>"; };
		578746CC1AE59ECD009379E5 /* Virtual_TouristTests.swift */ = {isa = PBXFileReference; lastKnownFileType = sourcecode.swift; path = Virtual_TouristTests.swift; sourceTree = "<group>"; };
		578746D61AE5A181009379E5 /* MapKit.framework */ = {isa = PBXFileReference; lastKnownFileType = wrapper.framework; name = MapKit.framework; path = System/Library/Frameworks/MapKit.framework; sourceTree = SDKROOT; };
		578746D81AE5A1C8009379E5 /* TravelLocationsViewController.swift */ = {isa = PBXFileReference; fileEncoding = 4; lastKnownFileType = sourcecode.swift; path = TravelLocationsViewController.swift; sourceTree = "<group>"; };
		578746DA1AE5A494009379E5 /* ProjectExtension.swift */ = {isa = PBXFileReference; fileEncoding = 4; lastKnownFileType = sourcecode.swift; path = ProjectExtension.swift; sourceTree = "<group>"; };
		578746DE1AE6CD42009379E5 /* CoreDataStackManager.swift */ = {isa = PBXFileReference; fileEncoding = 4; lastKnownFileType = sourcecode.swift; path = CoreDataStackManager.swift; sourceTree = "<group>"; };
		578746E01AE6D342009379E5 /* ErrorManager.swift */ = {isa = PBXFileReference; fileEncoding = 4; lastKnownFileType = sourcecode.swift; path = ErrorManager.swift; sourceTree = "<group>"; };
		578746E41AE6D5A3009379E5 /* Model.xcdatamodel */ = {isa = PBXFileReference; lastKnownFileType = wrapper.xcdatamodel; path = Model.xcdatamodel; sourceTree = "<group>"; };
		578746E71AE6D680009379E5 /* Pin.swift */ = {isa = PBXFileReference; fileEncoding = 4; lastKnownFileType = sourcecode.swift; path = Pin.swift; sourceTree = "<group>"; };
		578746E91AE6DADD009379E5 /* Photo.swift */ = {isa = PBXFileReference; fileEncoding = 4; lastKnownFileType = sourcecode.swift; path = Photo.swift; sourceTree = "<group>"; };
		578746ED1AE6F273009379E5 /* PhotoAlbumViewController.swift */ = {isa = PBXFileReference; fileEncoding = 4; lastKnownFileType = sourcecode.swift; path = PhotoAlbumViewController.swift; sourceTree = "<group>"; };
		578746F01AE6F2B4009379E5 /* PhotoCollectionViewCell.swift */ = {isa = PBXFileReference; fileEncoding = 4; lastKnownFileType = sourcecode.swift; path = PhotoCollectionViewCell.swift; sourceTree = "<group>"; };
		578746F31AE702E8009379E5 /* HTTPClient.swift */ = {isa = PBXFileReference; fileEncoding = 4; lastKnownFileType = sourcecode.swift; path = HTTPClient.swift; sourceTree = "<group>"; };
		578746F41AE702E8009379E5 /* HTTPClientExtensions.swift */ = {isa = PBXFileReference; fileEncoding = 4; lastKnownFileType = sourcecode.swift; path = HTTPClientExtensions.swift; sourceTree = "<group>"; };
		578746F81AE70308009379E5 /* Config.swift */ = {isa = PBXFileReference; fileEncoding = 4; lastKnownFileType = sourcecode.swift; path = Config.swift; sourceTree = "<group>"; };
		578746FF1AE70471009379E5 /* FoundationExtensions.swift */ = {isa = PBXFileReference; fileEncoding = 4; lastKnownFileType = sourcecode.swift; path = FoundationExtensions.swift; sourceTree = "<group>"; };
		578747011AE704B9009379E5 /* ErrorUtils.swift */ = {isa = PBXFileReference; fileEncoding = 4; lastKnownFileType = sourcecode.swift; path = ErrorUtils.swift; sourceTree = "<group>"; };
/* End PBXFileReference section */

/* Begin PBXFrameworksBuildPhase section */
		578746AE1AE59ECD009379E5 /* Frameworks */ = {
			isa = PBXFrameworksBuildPhase;
			buildActionMask = 2147483647;
			files = (
				578746D71AE5A181009379E5 /* MapKit.framework in Frameworks */,
			);
			runOnlyForDeploymentPostprocessing = 0;
		};
		578746C31AE59ECD009379E5 /* Frameworks */ = {
			isa = PBXFrameworksBuildPhase;
			buildActionMask = 2147483647;
			files = (
			);
			runOnlyForDeploymentPostprocessing = 0;
		};
/* End PBXFrameworksBuildPhase section */

/* Begin PBXGroup section */
		570E0E2F1AE98C52006DF6A0 /* Service */ = {
			isa = PBXGroup;
			children = (
				570E0E2D1AE98C4F006DF6A0 /* PhotoService.swift */,
				570E0E321AE996D9006DF6A0 /* PinService.swift */,
			);
			name = Service;
			sourceTree = "<group>";
		};
		578746A81AE59ECD009379E5 = {
			isa = PBXGroup;
			children = (
				578746D61AE5A181009379E5 /* MapKit.framework */,
				578746B31AE59ECD009379E5 /* Virtual Tourist */,
				578746C91AE59ECD009379E5 /* Virtual TouristTests */,
				578746B21AE59ECD009379E5 /* Products */,
			);
			sourceTree = "<group>";
		};
		578746B21AE59ECD009379E5 /* Products */ = {
			isa = PBXGroup;
			children = (
				578746B11AE59ECD009379E5 /* Virtual Tourist.app */,
				578746C61AE59ECD009379E5 /* Virtual TouristTests.xctest */,
			);
			name = Products;
			sourceTree = "<group>";
		};
		578746B31AE59ECD009379E5 /* Virtual Tourist */ = {
			isa = PBXGroup;
			children = (
				578746B61AE59ECD009379E5 /* AppDelegate.swift */,
				578746F81AE70308009379E5 /* Config.swift */,
				578746BA1AE59ECD009379E5 /* Main.storyboard */,
				578746F21AE702BE009379E5 /* Network */,
				578746E61AE6D5B9009379E5 /* Core Data */,
				57C01A8A1AE81AB800AF2110 /* Controller */,
				578746DD1AE5A4AD009379E5 /* Exntensions */,
				578746E21AE6D4D0009379E5 /* Common */,
				578746BD1AE59ECD009379E5 /* Images.xcassets */,
				578746BF1AE59ECD009379E5 /* LaunchScreen.xib */,
				578746B41AE59ECD009379E5 /* Supporting Files */,
			);
			path = "Virtual Tourist";
			sourceTree = "<group>";
		};
		578746B41AE59ECD009379E5 /* Supporting Files */ = {
			isa = PBXGroup;
			children = (
				578746B51AE59ECD009379E5 /* Info.plist */,
			);
			name = "Supporting Files";
			sourceTree = "<group>";
		};
		578746C91AE59ECD009379E5 /* Virtual TouristTests */ = {
			isa = PBXGroup;
			children = (
				578746CC1AE59ECD009379E5 /* Virtual_TouristTests.swift */,
				578746CA1AE59ECD009379E5 /* Supporting Files */,
			);
			path = "Virtual TouristTests";
			sourceTree = "<group>";
		};
		578746CA1AE59ECD009379E5 /* Supporting Files */ = {
			isa = PBXGroup;
			children = (
				578746CB1AE59ECD009379E5 /* Info.plist */,
			);
			name = "Supporting Files";
			sourceTree = "<group>";
		};
		578746DC1AE5A49B009379E5 /* Travel locations */ = {
			isa = PBXGroup;
			children = (
				578746D81AE5A1C8009379E5 /* TravelLocationsViewController.swift */,
			);
			name = "Travel locations";
			sourceTree = "<group>";
		};
		578746DD1AE5A4AD009379E5 /* Exntensions */ = {
			isa = PBXGroup;
			children = (
				578746FF1AE70471009379E5 /* FoundationExtensions.swift */,
				578746DA1AE5A494009379E5 /* ProjectExtension.swift */,
				570E0E2B1AE97A44006DF6A0 /* UIKitExtensions.swift */,
			);
			name = Exntensions;
			sourceTree = "<group>";
		};
		578746E21AE6D4D0009379E5 /* Common */ = {
			isa = PBXGroup;
			children = (
				578747011AE704B9009379E5 /* ErrorUtils.swift */,
				578746E01AE6D342009379E5 /* ErrorManager.swift */,
			);
			name = Common;
			sourceTree = "<group>";
		};
		578746E61AE6D5B9009379E5 /* Core Data */ = {
			isa = PBXGroup;
			children = (
				570E0E2F1AE98C52006DF6A0 /* Service */,
				578746FE1AE703DF009379E5 /* Model */,
				578746FC1AE703B6009379E5 /* Core */,
			);
			name = "Core Data";
			sourceTree = "<group>";
		};
		578746EF1AE6F296009379E5 /* Photo album */ = {
			isa = PBXGroup;
			children = (
				578746ED1AE6F273009379E5 /* PhotoAlbumViewController.swift */,
				578746F01AE6F2B4009379E5 /* PhotoCollectionViewCell.swift */,
			);
			name = "Photo album";
			sourceTree = "<group>";
		};
		578746F21AE702BE009379E5 /* Network */ = {
			isa = PBXGroup;
			children = (
				578746FD1AE703D6009379E5 /* Flickr */,
				578746F71AE702EE009379E5 /* Core */,
			);
			name = Network;
			sourceTree = "<group>";
		};
		578746F71AE702EE009379E5 /* Core */ = {
			isa = PBXGroup;
			children = (
				578746F31AE702E8009379E5 /* HTTPClient.swift */,
				578746F41AE702E8009379E5 /* HTTPClientExtensions.swift */,
			);
			name = Core;
			sourceTree = "<group>";
		};
		578746FC1AE703B6009379E5 /* Core */ = {
			isa = PBXGroup;
			children = (
				578746DE1AE6CD42009379E5 /* CoreDataStackManager.swift */,
			);
			name = Core;
			sourceTree = "<group>";
		};
		578746FD1AE703D6009379E5 /* Flickr */ = {
			isa = PBXGroup;
			children = (
				570E0E281AE84400006DF6A0 /* FlickrImageDownloadManager.swift */,
			);
			name = Flickr;
			sourceTree = "<group>";
		};
		578746FE1AE703DF009379E5 /* Model */ = {
			isa = PBXGroup;
			children = (
				578746E31AE6D5A3009379E5 /* Model.xcdatamodeld */,
				578746E71AE6D680009379E5 /* Pin.swift */,
				578746E91AE6DADD009379E5 /* Photo.swift */,
				570E0E301AE993A0006DF6A0 /* PinHistory.swift */,
			);
			name = Model;
			sourceTree = "<group>";
		};
		57C01A8A1AE81AB800AF2110 /* Controller */ = {
			isa = PBXGroup;
			children = (
				578746DC1AE5A49B009379E5 /* Travel locations */,
				578746EF1AE6F296009379E5 /* Photo album */,
			);
			name = Controller;
			sourceTree = "<group>";
		};
/* End PBXGroup section */

/* Begin PBXNativeTarget section */
		578746B01AE59ECD009379E5 /* Virtual Tourist */ = {
			isa = PBXNativeTarget;
			buildConfigurationList = 578746D01AE59ECD009379E5 /* Build configuration list for PBXNativeTarget "Virtual Tourist" */;
			buildPhases = (
				578746AD1AE59ECD009379E5 /* Sources */,
				578746AE1AE59ECD009379E5 /* Frameworks */,
				578746AF1AE59ECD009379E5 /* Resources */,
			);
			buildRules = (
			);
			dependencies = (
			);
			name = "Virtual Tourist";
			productName = "Virtual Tourist";
			productReference = 578746B11AE59ECD009379E5 /* Virtual Tourist.app */;
			productType = "com.apple.product-type.application";
		};
		578746C51AE59ECD009379E5 /* Virtual TouristTests */ = {
			isa = PBXNativeTarget;
			buildConfigurationList = 578746D31AE59ECD009379E5 /* Build configuration list for PBXNativeTarget "Virtual TouristTests" */;
			buildPhases = (
				578746C21AE59ECD009379E5 /* Sources */,
				578746C31AE59ECD009379E5 /* Frameworks */,
				578746C41AE59ECD009379E5 /* Resources */,
			);
			buildRules = (
			);
			dependencies = (
				578746C81AE59ECD009379E5 /* PBXTargetDependency */,
			);
			name = "Virtual TouristTests";
			productName = "Virtual TouristTests";
			productReference = 578746C61AE59ECD009379E5 /* Virtual TouristTests.xctest */;
			productType = "com.apple.product-type.bundle.unit-test";
		};
/* End PBXNativeTarget section */

/* Begin PBXProject section */
		578746A91AE59ECD009379E5 /* Project object */ = {
			isa = PBXProject;
			attributes = {
				LastUpgradeCheck = 0630;
				ORGANIZATIONNAME = "Humberto Aquino";
				TargetAttributes = {
					578746B01AE59ECD009379E5 = {
						CreatedOnToolsVersion = 6.3;
						SystemCapabilities = {
							com.apple.Maps.iOS = {
								enabled = 1;
							};
						};
					};
					578746C51AE59ECD009379E5 = {
						CreatedOnToolsVersion = 6.3;
						TestTargetID = 578746B01AE59ECD009379E5;
					};
				};
			};
			buildConfigurationList = 578746AC1AE59ECD009379E5 /* Build configuration list for PBXProject "Virtual Tourist" */;
			compatibilityVersion = "Xcode 3.2";
			developmentRegion = English;
			hasScannedForEncodings = 0;
			knownRegions = (
				en,
				Base,
			);
			mainGroup = 578746A81AE59ECD009379E5;
			productRefGroup = 578746B21AE59ECD009379E5 /* Products */;
			projectDirPath = "";
			projectRoot = "";
			targets = (
				578746B01AE59ECD009379E5 /* Virtual Tourist */,
				578746C51AE59ECD009379E5 /* Virtual TouristTests */,
			);
		};
/* End PBXProject section */

/* Begin PBXResourcesBuildPhase section */
		578746AF1AE59ECD009379E5 /* Resources */ = {
			isa = PBXResourcesBuildPhase;
			buildActionMask = 2147483647;
			files = (
				578746BC1AE59ECD009379E5 /* Main.storyboard in Resources */,
				578746C11AE59ECD009379E5 /* LaunchScreen.xib in Resources */,
				578746BE1AE59ECD009379E5 /* Images.xcassets in Resources */,
			);
			runOnlyForDeploymentPostprocessing = 0;
		};
		578746C41AE59ECD009379E5 /* Resources */ = {
			isa = PBXResourcesBuildPhase;
			buildActionMask = 2147483647;
			files = (
			);
			runOnlyForDeploymentPostprocessing = 0;
		};
/* End PBXResourcesBuildPhase section */

/* Begin PBXSourcesBuildPhase section */
		578746AD1AE59ECD009379E5 /* Sources */ = {
			isa = PBXSourcesBuildPhase;
			buildActionMask = 2147483647;
			files = (
				578746EA1AE6DADD009379E5 /* Photo.swift in Sources */,
				578746E81AE6D680009379E5 /* Pin.swift in Sources */,
				570E0E2C1AE97A44006DF6A0 /* UIKitExtensions.swift in Sources */,
				578746F51AE702E8009379E5 /* HTTPClient.swift in Sources */,
				578747021AE704BA009379E5 /* ErrorUtils.swift in Sources */,
				578746F91AE70308009379E5 /* Config.swift in Sources */,
				578746F61AE702E8009379E5 /* HTTPClientExtensions.swift in Sources */,
				578746B71AE59ECD009379E5 /* AppDelegate.swift in Sources */,
				570E0E311AE993A0006DF6A0 /* PinHistory.swift in Sources */,
				578746EE1AE6F273009379E5 /* PhotoAlbumViewController.swift in Sources */,
				578746DF1AE6CD42009379E5 /* CoreDataStackManager.swift in Sources */,
				578746D91AE5A1C8009379E5 /* TravelLocationsViewController.swift in Sources */,
				578746DB1AE5A494009379E5 /* ProjectExtension.swift in Sources */,
				570E0E291AE84400006DF6A0 /* FlickrImageDownloadManager.swift in Sources */,
				578747001AE70471009379E5 /* FoundationExtensions.swift in Sources */,
				578746E11AE6D342009379E5 /* ErrorManager.swift in Sources */,
				578746F11AE6F2B4009379E5 /* PhotoCollectionViewCell.swift in Sources */,
				570E0E2E1AE98C4F006DF6A0 /* PhotoService.swift in Sources */,
				570E0E331AE996D9006DF6A0 /* PinService.swift in Sources */,
				578746E51AE6D5A3009379E5 /* Model.xcdatamodeld in Sources */,
			);
			runOnlyForDeploymentPostprocessing = 0;
		};
		578746C21AE59ECD009379E5 /* Sources */ = {
			isa = PBXSourcesBuildPhase;
			buildActionMask = 2147483647;
			files = (
				578746CD1AE59ECD009379E5 /* Virtual_TouristTests.swift in Sources */,
			);
			runOnlyForDeploymentPostprocessing = 0;
		};
/* End PBXSourcesBuildPhase section */

/* Begin PBXTargetDependency section */
		578746C81AE59ECD009379E5 /* PBXTargetDependency */ = {
			isa = PBXTargetDependency;
			target = 578746B01AE59ECD009379E5 /* Virtual Tourist */;
			targetProxy = 578746C71AE59ECD009379E5 /* PBXContainerItemProxy */;
		};
/* End PBXTargetDependency section */

/* Begin PBXVariantGroup section */
		578746BA1AE59ECD009379E5 /* Main.storyboard */ = {
			isa = PBXVariantGroup;
			children = (
				578746BB1AE59ECD009379E5 /* Base */,
			);
			name = Main.storyboard;
			sourceTree = "<group>";
		};
		578746BF1AE59ECD009379E5 /* LaunchScreen.xib */ = {
			isa = PBXVariantGroup;
			children = (
				578746C01AE59ECD009379E5 /* Base */,
			);
			name = LaunchScreen.xib;
			sourceTree = "<group>";
		};
/* End PBXVariantGroup section */

/* Begin XCBuildConfiguration section */
		578746CE1AE59ECD009379E5 /* Debug */ = {
			isa = XCBuildConfiguration;
			buildSettings = {
				ALWAYS_SEARCH_USER_PATHS = NO;
				CLANG_CXX_LANGUAGE_STANDARD = "gnu++0x";
				CLANG_CXX_LIBRARY = "libc++";
				CLANG_ENABLE_MODULES = YES;
				CLANG_ENABLE_OBJC_ARC = YES;
				CLANG_WARN_BOOL_CONVERSION = YES;
				CLANG_WARN_CONSTANT_CONVERSION = YES;
				CLANG_WARN_DIRECT_OBJC_ISA_USAGE = YES_ERROR;
				CLANG_WARN_EMPTY_BODY = YES;
				CLANG_WARN_ENUM_CONVERSION = YES;
				CLANG_WARN_INT_CONVERSION = YES;
				CLANG_WARN_OBJC_ROOT_CLASS = YES_ERROR;
				CLANG_WARN_UNREACHABLE_CODE = YES;
				CLANG_WARN__DUPLICATE_METHOD_MATCH = YES;
				"CODE_SIGN_IDENTITY[sdk=iphoneos*]" = "iPhone Developer";
				COPY_PHASE_STRIP = NO;
				DEBUG_INFORMATION_FORMAT = "dwarf-with-dsym";
				ENABLE_STRICT_OBJC_MSGSEND = YES;
				GCC_C_LANGUAGE_STANDARD = gnu99;
				GCC_DYNAMIC_NO_PIC = NO;
				GCC_NO_COMMON_BLOCKS = YES;
				GCC_OPTIMIZATION_LEVEL = 0;
				GCC_PREPROCESSOR_DEFINITIONS = (
					"DEBUG=1",
					"$(inherited)",
				);
				GCC_SYMBOLS_PRIVATE_EXTERN = NO;
				GCC_WARN_64_TO_32_BIT_CONVERSION = YES;
				GCC_WARN_ABOUT_RETURN_TYPE = YES_ERROR;
				GCC_WARN_UNDECLARED_SELECTOR = YES;
				GCC_WARN_UNINITIALIZED_AUTOS = YES_AGGRESSIVE;
				GCC_WARN_UNUSED_FUNCTION = YES;
				GCC_WARN_UNUSED_VARIABLE = YES;
				IPHONEOS_DEPLOYMENT_TARGET = 8.3;
				MTL_ENABLE_DEBUG_INFO = YES;
				ONLY_ACTIVE_ARCH = YES;
				SDKROOT = iphoneos;
				SWIFT_OPTIMIZATION_LEVEL = "-Onone";
			};
			name = Debug;
		};
		578746CF1AE59ECD009379E5 /* Release */ = {
			isa = XCBuildConfiguration;
			buildSettings = {
				ALWAYS_SEARCH_USER_PATHS = NO;
				CLANG_CXX_LANGUAGE_STANDARD = "gnu++0x";
				CLANG_CXX_LIBRARY = "libc++";
				CLANG_ENABLE_MODULES = YES;
				CLANG_ENABLE_OBJC_ARC = YES;
				CLANG_WARN_BOOL_CONVERSION = YES;
				CLANG_WARN_CONSTANT_CONVERSION = YES;
				CLANG_WARN_DIRECT_OBJC_ISA_USAGE = YES_ERROR;
				CLANG_WARN_EMPTY_BODY = YES;
				CLANG_WARN_ENUM_CONVERSION = YES;
				CLANG_WARN_INT_CONVERSION = YES;
				CLANG_WARN_OBJC_ROOT_CLASS = YES_ERROR;
				CLANG_WARN_UNREACHABLE_CODE = YES;
				CLANG_WARN__DUPLICATE_METHOD_MATCH = YES;
				"CODE_SIGN_IDENTITY[sdk=iphoneos*]" = "iPhone Developer";
				COPY_PHASE_STRIP = NO;
				DEBUG_INFORMATION_FORMAT = "dwarf-with-dsym";
				ENABLE_NS_ASSERTIONS = NO;
				ENABLE_STRICT_OBJC_MSGSEND = YES;
				GCC_C_LANGUAGE_STANDARD = gnu99;
				GCC_NO_COMMON_BLOCKS = YES;
				GCC_WARN_64_TO_32_BIT_CONVERSION = YES;
				GCC_WARN_ABOUT_RETURN_TYPE = YES_ERROR;
				GCC_WARN_UNDECLARED_SELECTOR = YES;
				GCC_WARN_UNINITIALIZED_AUTOS = YES_AGGRESSIVE;
				GCC_WARN_UNUSED_FUNCTION = YES;
				GCC_WARN_UNUSED_VARIABLE = YES;
				IPHONEOS_DEPLOYMENT_TARGET = 8.3;
				MTL_ENABLE_DEBUG_INFO = NO;
				SDKROOT = iphoneos;
				VALIDATE_PRODUCT = YES;
			};
			name = Release;
		};
		578746D11AE59ECD009379E5 /* Debug */ = {
			isa = XCBuildConfiguration;
			buildSettings = {
				ASSETCATALOG_COMPILER_APPICON_NAME = AppIcon;
				INFOPLIST_FILE = "Virtual Tourist/Info.plist";
				LD_RUNPATH_SEARCH_PATHS = "$(inherited) @executable_path/Frameworks";
				PRODUCT_NAME = "$(TARGET_NAME)";
			};
			name = Debug;
		};
		578746D21AE59ECD009379E5 /* Release */ = {
			isa = XCBuildConfiguration;
			buildSettings = {
				ASSETCATALOG_COMPILER_APPICON_NAME = AppIcon;
				INFOPLIST_FILE = "Virtual Tourist/Info.plist";
				LD_RUNPATH_SEARCH_PATHS = "$(inherited) @executable_path/Frameworks";
				PRODUCT_NAME = "$(TARGET_NAME)";
			};
			name = Release;
		};
		578746D41AE59ECD009379E5 /* Debug */ = {
			isa = XCBuildConfiguration;
			buildSettings = {
				BUNDLE_LOADER = "$(TEST_HOST)";
				FRAMEWORK_SEARCH_PATHS = (
					"$(SDKROOT)/Developer/Library/Frameworks",
					"$(inherited)",
				);
				GCC_PREPROCESSOR_DEFINITIONS = (
					"DEBUG=1",
					"$(inherited)",
				);
				INFOPLIST_FILE = "Virtual TouristTests/Info.plist";
				LD_RUNPATH_SEARCH_PATHS = "$(inherited) @executable_path/Frameworks @loader_path/Frameworks";
				PRODUCT_NAME = "$(TARGET_NAME)";
				TEST_HOST = "$(BUILT_PRODUCTS_DIR)/Virtual Tourist.app/Virtual Tourist";
			};
			name = Debug;
		};
		578746D51AE59ECD009379E5 /* Release */ = {
			isa = XCBuildConfiguration;
			buildSettings = {
				BUNDLE_LOADER = "$(TEST_HOST)";
				FRAMEWORK_SEARCH_PATHS = (
					"$(SDKROOT)/Developer/Library/Frameworks",
					"$(inherited)",
				);
				INFOPLIST_FILE = "Virtual TouristTests/Info.plist";
				LD_RUNPATH_SEARCH_PATHS = "$(inherited) @executable_path/Frameworks @loader_path/Frameworks";
				PRODUCT_NAME = "$(TARGET_NAME)";
				TEST_HOST = "$(BUILT_PRODUCTS_DIR)/Virtual Tourist.app/Virtual Tourist";
			};
			name = Release;
		};
/* End XCBuildConfiguration section */

/* Begin XCConfigurationList section */
		578746AC1AE59ECD009379E5 /* Build configuration list for PBXProject "Virtual Tourist" */ = {
			isa = XCConfigurationList;
			buildConfigurations = (
				578746CE1AE59ECD009379E5 /* Debug */,
				578746CF1AE59ECD009379E5 /* Release */,
			);
			defaultConfigurationIsVisible = 0;
			defaultConfigurationName = Release;
		};
		578746D01AE59ECD009379E5 /* Build configuration list for PBXNativeTarget "Virtual Tourist" */ = {
			isa = XCConfigurationList;
			buildConfigurations = (
				578746D11AE59ECD009379E5 /* Debug */,
				578746D21AE59ECD009379E5 /* Release */,
			);
			defaultConfigurationIsVisible = 0;
			defaultConfigurationName = Release;
		};
		578746D31AE59ECD009379E5 /* Build configuration list for PBXNativeTarget "Virtual TouristTests" */ = {
			isa = XCConfigurationList;
			buildConfigurations = (
				578746D41AE59ECD009379E5 /* Debug */,
				578746D51AE59ECD009379E5 /* Release */,
			);
			defaultConfigurationIsVisible = 0;
			defaultConfigurationName = Release;
		};
/* End XCConfigurationList section */

/* Begin XCVersionGroup section */
		578746E31AE6D5A3009379E5 /* Model.xcdatamodeld */ = {
			isa = XCVersionGroup;
			children = (
				578746E41AE6D5A3009379E5 /* Model.xcdatamodel */,
			);
			currentVersion = 578746E41AE6D5A3009379E5 /* Model.xcdatamodel */;
			path = Model.xcdatamodeld;
			sourceTree = "<group>";
			versionGroupType = wrapper.xcdatamodel;
		};
/* End XCVersionGroup section */
	};
	rootObject = 578746A91AE59ECD009379E5 /* Project object */;
}
